
Microsoft Visual Studio Solution File, Format Version 12.00
# Visual Studio Version 17
VisualStudioVersion = 17.0.31717.71
MinimumVisualStudioVersion = 10.0.40219.1
Project("{9A19103F-16F7-4668-BE54-9A1E7A4F7556}") = "DEF.Service", "DEF.Service\DEF.Service.csproj", "{25E6FDCE-6D6F-412E-8591-185EA5381F4B}"
EndProject
Project("{9A19103F-16F7-4668-BE54-9A1E7A4F7556}") = "DEF.CodeGenerator", "..\Common\DEF.CodeGenerator\DEF.CodeGenerator.csproj", "{BF8C0EC4-DA97-405D-9399-422596997F9E}"
EndProject
Project("{9A19103F-16F7-4668-BE54-9A1E7A4F7556}") = "DEF.CCenter.Interface", "DEF.CCenter.Interface\DEF.CCenter.Interface.csproj", "{70BCB154-83B5-47DB-9BF0-A8A957E8C93C}"
EndProject
Project("{9A19103F-16F7-4668-BE54-9A1E7A4F7556}") = "DEF.EvCenter.Interface", "DEF.EvCenter.Interface\DEF.EvCenter.Interface.csproj", "{D8350E4F-E915-4114-A9B3-301587629B10}"
EndProject
Project("{9A19103F-16F7-4668-BE54-9A1E7A4F7556}") = "DEF.Gateway.Interface", "DEF.Gateway.Interface\DEF.Gateway.Interface.csproj", "{3A18473D-5F51-4F35-A50D-81F8A33CC847}"
EndProject
Project("{9A19103F-16F7-4668-BE54-9A1E7A4F7556}") = "DEF.UCenter.Interface", "DEF.UCenter.Interface\DEF.UCenter.Interface.csproj", "{FB5CD2B2-64D2-41B0-88B1-6CFB6B86C7BF}"
EndProject
Project("{9A19103F-16F7-4668-BE54-9A1E7A4F7556}") = "DEF.CCenter.Host", "DEF.CCenter.Host\DEF.CCenter.Host.csproj", "{89944A6C-C4F1-4240-A99A-2C0E24009488}"
EndProject
Project("{9A19103F-16F7-4668-BE54-9A1E7A4F7556}") = "DEF.EvCenter.Host", "DEF.EvCenter.Host\DEF.EvCenter.Host.csproj", "{5EF80227-8FFB-4DB8-9EA7-A673AAC5A2C3}"
EndProject
Project("{9A19103F-16F7-4668-BE54-9A1E7A4F7556}") = "DEF.Gateway.Host", "DEF.Gateway.Host\DEF.Gateway.Host.csproj", "{49BCF8B7-8CB0-4341-A073-1584027D3D74}"
EndProject
Project("{9A19103F-16F7-4668-BE54-9A1E7A4F7556}") = "DEF.IM.Host", "DEF.IM.Host\DEF.IM.Host.csproj", "{92B973A9-1E19-4592-B905-0A8AA1F77DF0}"
EndProject
Project("{9A19103F-16F7-4668-BE54-9A1E7A4F7556}") = "DEF.UCenter.Host", "DEF.UCenter.Host\DEF.UCenter.Host.csproj", "{0D0B955F-BE56-47F0-9C05-77B016A2144D}"
EndProject
Project("{9A19103F-16F7-4668-BE54-9A1E7A4F7556}") = "DEF.Manager.Plugin", "DEF.Manager.Plugin\DEF.Manager.Plugin.csproj", "{CFB0B81F-3A45-439D-9213-20DA363A34A8}"
EndProject
Project("{9A19103F-16F7-4668-BE54-9A1E7A4F7556}") = "DEF.CustomerSvc", "DEF.CustomerSvc\DEF.CustomerSvc.csproj", "{2DE84458-3EEF-450B-ABD8-F3D77035399D}"
EndProject
Project("{9A19103F-16F7-4668-BE54-9A1E7A4F7556}") = "DEF.Manager", "DEF.Manager\DEF.Manager.csproj", "{36FEC750-14F7-41DD-95DC-0C85716BFA11}"
EndProject
Project("{9A19103F-16F7-4668-BE54-9A1E7A4F7556}") = "DEF.Manager.Plugin.CCenter", "DEF.Manager.Plugin.CCenter\DEF.Manager.Plugin.CCenter.csproj", "{5106CB10-B794-409A-BC9F-01180B37BA4E}"
EndProject
Project("{9A19103F-16F7-4668-BE54-9A1E7A4F7556}") = "DEF.Manager.Plugin.CustomerSvc", "DEF.Manager.Plugin.CustomerSvc\DEF.Manager.Plugin.CustomerSvc.csproj", "{9D9182AB-F4FC-47B0-BA44-ED05ADD505CE}"
EndProject
Project("{9A19103F-16F7-4668-BE54-9A1E7A4F7556}") = "DEF.Manager.Plugin.EvCenter", "DEF.Manager.Plugin.EvCenter\DEF.Manager.Plugin.EvCenter.csproj", "{08231E8F-F9BE-456C-AB1E-C708582F09A3}"
EndProject
Project("{9A19103F-16F7-4668-BE54-9A1E7A4F7556}") = "DEF.Manager.Plugin.Gateway", "DEF.Manager.Plugin.Gateway\DEF.Manager.Plugin.Gateway.csproj", "{84ACEEBE-4A9E-4A95-A088-B08D1FD1B402}"
EndProject
Project("{9A19103F-16F7-4668-BE54-9A1E7A4F7556}") = "DEF.Manager.Plugin.IM", "DEF.Manager.Plugin.IM\DEF.Manager.Plugin.IM.csproj", "{1B3413D9-34FC-42F4-BC72-759294B67F50}"
EndProject
Project("{9A19103F-16F7-4668-BE54-9A1E7A4F7556}") = "DEF.Manager.Plugin.UCenter", "DEF.Manager.Plugin.UCenter\DEF.Manager.Plugin.UCenter.csproj", "{ADE57AEF-1FDB-4F2A-88FC-22B22A39ABB0}"
EndProject
Project("{2150E333-8FDC-42A3-9474-1A3956D46DE8}") = "DEF", "DEF", "{A5EFFEFD-575C-4CB4-ADC5-51A2CD7F125D}"
EndProject
Project("{9A19103F-16F7-4668-BE54-9A1E7A4F7556}") = "DEF.Core", "..\Common\DEF.Core\Runtime\DEF.Core.csproj", "{9C91E624-BAFE-4EB5-A593-0198021DBC44}"
EndProject
Project("{2150E333-8FDC-42A3-9474-1A3956D46DE8}") = "DEF.Lib", "DEF.Lib", "{CDB41A96-69B7-4764-B5EF-C2B56D9075BD}"
EndProject
Project("{9A19103F-16F7-4668-BE54-9A1E7A4F7556}") = "Kcp", "..\Common\DEF.Common.Kcp\Runtime\Kcp.csproj", "{FAA08B2F-EFC6-491C-A720-491C8427F4A1}"
EndProject
Project("{9A19103F-16F7-4668-BE54-9A1E7A4F7556}") = "DotRecast.Core", "..\Common\DEF.Common.DotRecast\Runtime\DotRecast.Core\DotRecast.Core.csproj", "{640AB384-EEF1-4F7C-94A1-865B67E14E16}"
EndProject
Project("{9A19103F-16F7-4668-BE54-9A1E7A4F7556}") = "DotRecast.Detour", "..\Common\DEF.Common.DotRecast\Runtime\DotRecast.Detour\DotRecast.Detour.csproj", "{6244E972-3DF4-452F-88DD-5257A27F75D5}"
EndProject
Project("{9A19103F-16F7-4668-BE54-9A1E7A4F7556}") = "DotRecast.Detour.Crowd", "..\Common\DEF.Common.DotRecast\Runtime\DotRecast.Detour.Crowd\DotRecast.Detour.Crowd.csproj", "{E0BCFECB-0EF6-4E47-BD8E-8FCED8B6F1FF}"
EndProject
Project("{9A19103F-16F7-4668-BE54-9A1E7A4F7556}") = "DotRecast.Detour.Dynamic", "..\Common\DEF.Common.DotRecast\Runtime\DotRecast.Detour.Dynamic\DotRecast.Detour.Dynamic.csproj", "{4AEAC591-3390-4A55-900E-15E25D07FAE3}"
EndProject
Project("{9A19103F-16F7-4668-BE54-9A1E7A4F7556}") = "DotRecast.Detour.Extras", "..\Common\DEF.Common.DotRecast\Runtime\DotRecast.Detour.Extras\DotRecast.Detour.Extras.csproj", "{7BD5D12B-DCDF-4743-BC74-6D2311769200}"
EndProject
Project("{9A19103F-16F7-4668-BE54-9A1E7A4F7556}") = "DotRecast.Detour.TileCache", "..\Common\DEF.Common.DotRecast\Runtime\DotRecast.Detour.TileCache\DotRecast.Detour.TileCache.csproj", "{73BC65D7-061F-4010-AF19-0333850FC197}"
EndProject
Project("{9A19103F-16F7-4668-BE54-9A1E7A4F7556}") = "DotRecast.Recast", "..\Common\DEF.Common.DotRecast\Runtime\DotRecast.Recast\DotRecast.Recast.csproj", "{99F853B3-7800-4D29-92F3-55DBE9C8DA14}"
EndProject
Project("{9A19103F-16F7-4668-BE54-9A1E7A4F7556}") = "DotRecast.Recast.Toolset", "..\Common\DEF.Common.DotRecast\Runtime\DotRecast.Recast.Toolset\DotRecast.Recast.Toolset.csproj", "{B2EC1888-5339-4969-9E89-EA83D86C9B0E}"
EndProject
Project("{9A19103F-16F7-4668-BE54-9A1E7A4F7556}") = "DEF.Studio", "DEF.Studio\DEF.Studio.csproj", "{82D3BBEB-8673-449D-8B78-851E379B6EDF}"
EndProject
Project("{9A19103F-16F7-4668-BE54-9A1E7A4F7556}") = "DEF.IM.Interface", "..\Common\DEF.IM.Interface\Runtime\DEF.IM.Interface\DEF.IM.Interface.csproj", "{694A1176-4F52-4A5A-9074-CEA3799ABE26}"
EndProject
Project("{9A19103F-16F7-4668-BE54-9A1E7A4F7556}") = "DEF.IM.Impl", "..\Common\DEF.IM.Impl\Runtime\DEF.IM.Impl\DEF.IM.Impl.csproj", "{098CCFCE-6A52-405F-A050-AD66C644B35A}"
EndProject
Project("{9A19103F-16F7-4668-BE54-9A1E7A4F7556}") = "Unity.Mathematics", "..\Common\DEF.Common.Mathematics\Unity.Mathematics.csproj", "{75C6CA1C-5BC4-4F68-86E3-C23A04B6859B}"
EndProject
Project("{FAE04EC0-301F-11D3-BF4B-00C04F79EFBC}") = "DEF.Benchmark", "DEF.Benchmark\DEF.Benchmark.csproj", "{88C3A357-0E73-482B-890C-5A2F321A89FD}"
EndProject
Project("{FAE04EC0-301F-11D3-BF4B-00C04F79EFBC}") = "DEF.CloudSvc", "DEF.CloudSvc\DEF.CloudSvc.csproj", "{039A5AFC-1E19-4469-BF8E-408782C67137}"
EndProject
Project("{FAE04EC0-301F-11D3-BF4B-00C04F79EFBC}") = "DEF.SyncDb", "DEF.SyncDb\DEF.SyncDb.csproj", "{CAC7F1A2-73D1-4C40-A860-D1871454258F}"
EndProject
Global
	GlobalSection(SolutionConfigurationPlatforms) = preSolution
		Debug|Any CPU = Debug|Any CPU
		DebugS|Any CPU = DebugS|Any CPU
		Release|Any CPU = Release|Any CPU
		ReleaseS|Any CPU = ReleaseS|Any CPU
	EndGlobalSection
	GlobalSection(ProjectConfigurationPlatforms) = postSolution
		{25E6FDCE-6D6F-412E-8591-185EA5381F4B}.Debug|Any CPU.ActiveCfg = Debug|Any CPU
		{25E6FDCE-6D6F-412E-8591-185EA5381F4B}.Debug|Any CPU.Build.0 = Debug|Any CPU
		{25E6FDCE-6D6F-412E-8591-185EA5381F4B}.DebugS|Any CPU.ActiveCfg = Debug|Any CPU
		{25E6FDCE-6D6F-412E-8591-185EA5381F4B}.DebugS|Any CPU.Build.0 = Debug|Any CPU
		{25E6FDCE-6D6F-412E-8591-185EA5381F4B}.Release|Any CPU.ActiveCfg = Release|Any CPU
		{25E6FDCE-6D6F-412E-8591-185EA5381F4B}.Release|Any CPU.Build.0 = Release|Any CPU
		{25E6FDCE-6D6F-412E-8591-185EA5381F4B}.ReleaseS|Any CPU.ActiveCfg = Release|Any CPU
		{25E6FDCE-6D6F-412E-8591-185EA5381F4B}.ReleaseS|Any CPU.Build.0 = Release|Any CPU
		{BF8C0EC4-DA97-405D-9399-422596997F9E}.Debug|Any CPU.ActiveCfg = Debug|Any CPU
		{BF8C0EC4-DA97-405D-9399-422596997F9E}.Debug|Any CPU.Build.0 = Debug|Any CPU
		{BF8C0EC4-DA97-405D-9399-422596997F9E}.DebugS|Any CPU.ActiveCfg = Debug|Any CPU
		{BF8C0EC4-DA97-405D-9399-422596997F9E}.DebugS|Any CPU.Build.0 = Debug|Any CPU
		{BF8C0EC4-DA97-405D-9399-422596997F9E}.Release|Any CPU.ActiveCfg = Release|Any CPU
		{BF8C0EC4-DA97-405D-9399-422596997F9E}.Release|Any CPU.Build.0 = Release|Any CPU
		{BF8C0EC4-DA97-405D-9399-422596997F9E}.ReleaseS|Any CPU.ActiveCfg = Release|Any CPU
		{BF8C0EC4-DA97-405D-9399-422596997F9E}.ReleaseS|Any CPU.Build.0 = Release|Any CPU
		{70BCB154-83B5-47DB-9BF0-A8A957E8C93C}.Debug|Any CPU.ActiveCfg = Debug|Any CPU
		{70BCB154-83B5-47DB-9BF0-A8A957E8C93C}.Debug|Any CPU.Build.0 = Debug|Any CPU
		{70BCB154-83B5-47DB-9BF0-A8A957E8C93C}.DebugS|Any CPU.ActiveCfg = Debug|Any CPU
		{70BCB154-83B5-47DB-9BF0-A8A957E8C93C}.DebugS|Any CPU.Build.0 = Debug|Any CPU
		{70BCB154-83B5-47DB-9BF0-A8A957E8C93C}.Release|Any CPU.ActiveCfg = Release|Any CPU
		{70BCB154-83B5-47DB-9BF0-A8A957E8C93C}.Release|Any CPU.Build.0 = Release|Any CPU
		{70BCB154-83B5-47DB-9BF0-A8A957E8C93C}.ReleaseS|Any CPU.ActiveCfg = Release|Any CPU
		{70BCB154-83B5-47DB-9BF0-A8A957E8C93C}.ReleaseS|Any CPU.Build.0 = Release|Any CPU
		{D8350E4F-E915-4114-A9B3-301587629B10}.Debug|Any CPU.ActiveCfg = Debug|Any CPU
		{D8350E4F-E915-4114-A9B3-301587629B10}.Debug|Any CPU.Build.0 = Debug|Any CPU
		{D8350E4F-E915-4114-A9B3-301587629B10}.DebugS|Any CPU.ActiveCfg = Debug|Any CPU
		{D8350E4F-E915-4114-A9B3-301587629B10}.DebugS|Any CPU.Build.0 = Debug|Any CPU
		{D8350E4F-E915-4114-A9B3-301587629B10}.Release|Any CPU.ActiveCfg = Release|Any CPU
		{D8350E4F-E915-4114-A9B3-301587629B10}.Release|Any CPU.Build.0 = Release|Any CPU
		{D8350E4F-E915-4114-A9B3-301587629B10}.ReleaseS|Any CPU.ActiveCfg = Release|Any CPU
		{D8350E4F-E915-4114-A9B3-301587629B10}.ReleaseS|Any CPU.Build.0 = Release|Any CPU
		{3A18473D-5F51-4F35-A50D-81F8A33CC847}.Debug|Any CPU.ActiveCfg = Debug|Any CPU
		{3A18473D-5F51-4F35-A50D-81F8A33CC847}.Debug|Any CPU.Build.0 = Debug|Any CPU
		{3A18473D-5F51-4F35-A50D-81F8A33CC847}.DebugS|Any CPU.ActiveCfg = Debug|Any CPU
		{3A18473D-5F51-4F35-A50D-81F8A33CC847}.DebugS|Any CPU.Build.0 = Debug|Any CPU
		{3A18473D-5F51-4F35-A50D-81F8A33CC847}.Release|Any CPU.ActiveCfg = Release|Any CPU
		{3A18473D-5F51-4F35-A50D-81F8A33CC847}.Release|Any CPU.Build.0 = Release|Any CPU
		{3A18473D-5F51-4F35-A50D-81F8A33CC847}.ReleaseS|Any CPU.ActiveCfg = Release|Any CPU
		{3A18473D-5F51-4F35-A50D-81F8A33CC847}.ReleaseS|Any CPU.Build.0 = Release|Any CPU
		{FB5CD2B2-64D2-41B0-88B1-6CFB6B86C7BF}.Debug|Any CPU.ActiveCfg = Debug|Any CPU
		{FB5CD2B2-64D2-41B0-88B1-6CFB6B86C7BF}.Debug|Any CPU.Build.0 = Debug|Any CPU
		{FB5CD2B2-64D2-41B0-88B1-6CFB6B86C7BF}.DebugS|Any CPU.ActiveCfg = Debug|Any CPU
		{FB5CD2B2-64D2-41B0-88B1-6CFB6B86C7BF}.DebugS|Any CPU.Build.0 = Debug|Any CPU
		{FB5CD2B2-64D2-41B0-88B1-6CFB6B86C7BF}.Release|Any CPU.ActiveCfg = Release|Any CPU
		{FB5CD2B2-64D2-41B0-88B1-6CFB6B86C7BF}.Release|Any CPU.Build.0 = Release|Any CPU
		{FB5CD2B2-64D2-41B0-88B1-6CFB6B86C7BF}.ReleaseS|Any CPU.ActiveCfg = Release|Any CPU
		{FB5CD2B2-64D2-41B0-88B1-6CFB6B86C7BF}.ReleaseS|Any CPU.Build.0 = Release|Any CPU
		{89944A6C-C4F1-4240-A99A-2C0E24009488}.Debug|Any CPU.ActiveCfg = Debug|Any CPU
		{89944A6C-C4F1-4240-A99A-2C0E24009488}.Debug|Any CPU.Build.0 = Debug|Any CPU
		{89944A6C-C4F1-4240-A99A-2C0E24009488}.DebugS|Any CPU.ActiveCfg = Debug|Any CPU
		{89944A6C-C4F1-4240-A99A-2C0E24009488}.DebugS|Any CPU.Build.0 = Debug|Any CPU
		{89944A6C-C4F1-4240-A99A-2C0E24009488}.Release|Any CPU.ActiveCfg = Release|Any CPU
		{89944A6C-C4F1-4240-A99A-2C0E24009488}.Release|Any CPU.Build.0 = Release|Any CPU
		{89944A6C-C4F1-4240-A99A-2C0E24009488}.ReleaseS|Any CPU.ActiveCfg = Release|Any CPU
		{89944A6C-C4F1-4240-A99A-2C0E24009488}.ReleaseS|Any CPU.Build.0 = Release|Any CPU
		{5EF80227-8FFB-4DB8-9EA7-A673AAC5A2C3}.Debug|Any CPU.ActiveCfg = Debug|Any CPU
		{5EF80227-8FFB-4DB8-9EA7-A673AAC5A2C3}.Debug|Any CPU.Build.0 = Debug|Any CPU
		{5EF80227-8FFB-4DB8-9EA7-A673AAC5A2C3}.DebugS|Any CPU.ActiveCfg = Debug|Any CPU
		{5EF80227-8FFB-4DB8-9EA7-A673AAC5A2C3}.DebugS|Any CPU.Build.0 = Debug|Any CPU
		{5EF80227-8FFB-4DB8-9EA7-A673AAC5A2C3}.Release|Any CPU.ActiveCfg = Release|Any CPU
		{5EF80227-8FFB-4DB8-9EA7-A673AAC5A2C3}.Release|Any CPU.Build.0 = Release|Any CPU
		{5EF80227-8FFB-4DB8-9EA7-A673AAC5A2C3}.ReleaseS|Any CPU.ActiveCfg = Release|Any CPU
		{5EF80227-8FFB-4DB8-9EA7-A673AAC5A2C3}.ReleaseS|Any CPU.Build.0 = Release|Any CPU
		{49BCF8B7-8CB0-4341-A073-1584027D3D74}.Debug|Any CPU.ActiveCfg = Debug|Any CPU
		{49BCF8B7-8CB0-4341-A073-1584027D3D74}.Debug|Any CPU.Build.0 = Debug|Any CPU
		{49BCF8B7-8CB0-4341-A073-1584027D3D74}.DebugS|Any CPU.ActiveCfg = Debug|Any CPU
		{49BCF8B7-8CB0-4341-A073-1584027D3D74}.DebugS|Any CPU.Build.0 = Debug|Any CPU
		{49BCF8B7-8CB0-4341-A073-1584027D3D74}.Release|Any CPU.ActiveCfg = Release|Any CPU
		{49BCF8B7-8CB0-4341-A073-1584027D3D74}.Release|Any CPU.Build.0 = Release|Any CPU
		{49BCF8B7-8CB0-4341-A073-1584027D3D74}.ReleaseS|Any CPU.ActiveCfg = Release|Any CPU
		{49BCF8B7-8CB0-4341-A073-1584027D3D74}.ReleaseS|Any CPU.Build.0 = Release|Any CPU
		{92B973A9-1E19-4592-B905-0A8AA1F77DF0}.Debug|Any CPU.ActiveCfg = Debug|Any CPU
		{92B973A9-1E19-4592-B905-0A8AA1F77DF0}.Debug|Any CPU.Build.0 = Debug|Any CPU
		{92B973A9-1E19-4592-B905-0A8AA1F77DF0}.DebugS|Any CPU.ActiveCfg = Debug|Any CPU
		{92B973A9-1E19-4592-B905-0A8AA1F77DF0}.DebugS|Any CPU.Build.0 = Debug|Any CPU
		{92B973A9-1E19-4592-B905-0A8AA1F77DF0}.Release|Any CPU.ActiveCfg = Release|Any CPU
		{92B973A9-1E19-4592-B905-0A8AA1F77DF0}.Release|Any CPU.Build.0 = Release|Any CPU
		{92B973A9-1E19-4592-B905-0A8AA1F77DF0}.ReleaseS|Any CPU.ActiveCfg = Release|Any CPU
		{92B973A9-1E19-4592-B905-0A8AA1F77DF0}.ReleaseS|Any CPU.Build.0 = Release|Any CPU
		{0D0B955F-BE56-47F0-9C05-77B016A2144D}.Debug|Any CPU.ActiveCfg = Debug|Any CPU
		{0D0B955F-BE56-47F0-9C05-77B016A2144D}.Debug|Any CPU.Build.0 = Debug|Any CPU
		{0D0B955F-BE56-47F0-9C05-77B016A2144D}.DebugS|Any CPU.ActiveCfg = Debug|Any CPU
		{0D0B955F-BE56-47F0-9C05-77B016A2144D}.DebugS|Any CPU.Build.0 = Debug|Any CPU
		{0D0B955F-BE56-47F0-9C05-77B016A2144D}.Release|Any CPU.ActiveCfg = Release|Any CPU
		{0D0B955F-BE56-47F0-9C05-77B016A2144D}.Release|Any CPU.Build.0 = Release|Any CPU
		{0D0B955F-BE56-47F0-9C05-77B016A2144D}.ReleaseS|Any CPU.ActiveCfg = Release|Any CPU
		{0D0B955F-BE56-47F0-9C05-77B016A2144D}.ReleaseS|Any CPU.Build.0 = Release|Any CPU
		{CFB0B81F-3A45-439D-9213-20DA363A34A8}.Debug|Any CPU.ActiveCfg = Debug|Any CPU
		{CFB0B81F-3A45-439D-9213-20DA363A34A8}.Debug|Any CPU.Build.0 = Debug|Any CPU
		{CFB0B81F-3A45-439D-9213-20DA363A34A8}.DebugS|Any CPU.ActiveCfg = Debug|Any CPU
		{CFB0B81F-3A45-439D-9213-20DA363A34A8}.DebugS|Any CPU.Build.0 = Debug|Any CPU
		{CFB0B81F-3A45-439D-9213-20DA363A34A8}.Release|Any CPU.ActiveCfg = Release|Any CPU
		{CFB0B81F-3A45-439D-9213-20DA363A34A8}.Release|Any CPU.Build.0 = Release|Any CPU
		{CFB0B81F-3A45-439D-9213-20DA363A34A8}.ReleaseS|Any CPU.ActiveCfg = Release|Any CPU
		{CFB0B81F-3A45-439D-9213-20DA363A34A8}.ReleaseS|Any CPU.Build.0 = Release|Any CPU
		{2DE84458-3EEF-450B-ABD8-F3D77035399D}.Debug|Any CPU.ActiveCfg = Debug|Any CPU
		{2DE84458-3EEF-450B-ABD8-F3D77035399D}.Debug|Any CPU.Build.0 = Debug|Any CPU
		{2DE84458-3EEF-450B-ABD8-F3D77035399D}.DebugS|Any CPU.ActiveCfg = DebugS|Any CPU
		{2DE84458-3EEF-450B-ABD8-F3D77035399D}.DebugS|Any CPU.Build.0 = DebugS|Any CPU
		{2DE84458-3EEF-450B-ABD8-F3D77035399D}.Release|Any CPU.ActiveCfg = Release|Any CPU
		{2DE84458-3EEF-450B-ABD8-F3D77035399D}.Release|Any CPU.Build.0 = Release|Any CPU
		{2DE84458-3EEF-450B-ABD8-F3D77035399D}.ReleaseS|Any CPU.ActiveCfg = ReleaseS|Any CPU
		{2DE84458-3EEF-450B-ABD8-F3D77035399D}.ReleaseS|Any CPU.Build.0 = ReleaseS|Any CPU
		{36FEC750-14F7-41DD-95DC-0C85716BFA11}.Debug|Any CPU.ActiveCfg = Debug|Any CPU
		{36FEC750-14F7-41DD-95DC-0C85716BFA11}.Debug|Any CPU.Build.0 = Debug|Any CPU
		{36FEC750-14F7-41DD-95DC-0C85716BFA11}.DebugS|Any CPU.ActiveCfg = Debug|Any CPU
		{36FEC750-14F7-41DD-95DC-0C85716BFA11}.DebugS|Any CPU.Build.0 = Debug|Any CPU
		{36FEC750-14F7-41DD-95DC-0C85716BFA11}.Release|Any CPU.ActiveCfg = Release|Any CPU
		{36FEC750-14F7-41DD-95DC-0C85716BFA11}.Release|Any CPU.Build.0 = Release|Any CPU
		{36FEC750-14F7-41DD-95DC-0C85716BFA11}.ReleaseS|Any CPU.ActiveCfg = Release|Any CPU
		{36FEC750-14F7-41DD-95DC-0C85716BFA11}.ReleaseS|Any CPU.Build.0 = Release|Any CPU
		{5106CB10-B794-409A-BC9F-01180B37BA4E}.Debug|Any CPU.ActiveCfg = Debug|Any CPU
		{5106CB10-B794-409A-BC9F-01180B37BA4E}.Debug|Any CPU.Build.0 = Debug|Any CPU
		{5106CB10-B794-409A-BC9F-01180B37BA4E}.DebugS|Any CPU.ActiveCfg = Debug|Any CPU
		{5106CB10-B794-409A-BC9F-01180B37BA4E}.DebugS|Any CPU.Build.0 = Debug|Any CPU
		{5106CB10-B794-409A-BC9F-01180B37BA4E}.Release|Any CPU.ActiveCfg = Release|Any CPU
		{5106CB10-B794-409A-BC9F-01180B37BA4E}.Release|Any CPU.Build.0 = Release|Any CPU
		{5106CB10-B794-409A-BC9F-01180B37BA4E}.ReleaseS|Any CPU.ActiveCfg = Release|Any CPU
		{5106CB10-B794-409A-BC9F-01180B37BA4E}.ReleaseS|Any CPU.Build.0 = Release|Any CPU
		{9D9182AB-F4FC-47B0-BA44-ED05ADD505CE}.Debug|Any CPU.ActiveCfg = Debug|Any CPU
		{9D9182AB-F4FC-47B0-BA44-ED05ADD505CE}.Debug|Any CPU.Build.0 = Debug|Any CPU
		{9D9182AB-F4FC-47B0-BA44-ED05ADD505CE}.DebugS|Any CPU.ActiveCfg = Debug|Any CPU
		{9D9182AB-F4FC-47B0-BA44-ED05ADD505CE}.DebugS|Any CPU.Build.0 = Debug|Any CPU
		{9D9182AB-F4FC-47B0-BA44-ED05ADD505CE}.Release|Any CPU.ActiveCfg = Release|Any CPU
		{9D9182AB-F4FC-47B0-BA44-ED05ADD505CE}.Release|Any CPU.Build.0 = Release|Any CPU
		{9D9182AB-F4FC-47B0-BA44-ED05ADD505CE}.ReleaseS|Any CPU.ActiveCfg = Release|Any CPU
		{9D9182AB-F4FC-47B0-BA44-ED05ADD505CE}.ReleaseS|Any CPU.Build.0 = Release|Any CPU
		{08231E8F-F9BE-456C-AB1E-C708582F09A3}.Debug|Any CPU.ActiveCfg = Debug|Any CPU
		{08231E8F-F9BE-456C-AB1E-C708582F09A3}.Debug|Any CPU.Build.0 = Debug|Any CPU
		{08231E8F-F9BE-456C-AB1E-C708582F09A3}.DebugS|Any CPU.ActiveCfg = Debug|Any CPU
		{08231E8F-F9BE-456C-AB1E-C708582F09A3}.DebugS|Any CPU.Build.0 = Debug|Any CPU
		{08231E8F-F9BE-456C-AB1E-C708582F09A3}.Release|Any CPU.ActiveCfg = Release|Any CPU
		{08231E8F-F9BE-456C-AB1E-C708582F09A3}.Release|Any CPU.Build.0 = Release|Any CPU
		{08231E8F-F9BE-456C-AB1E-C708582F09A3}.ReleaseS|Any CPU.ActiveCfg = Release|Any CPU
		{08231E8F-F9BE-456C-AB1E-C708582F09A3}.ReleaseS|Any CPU.Build.0 = Release|Any CPU
		{84ACEEBE-4A9E-4A95-A088-B08D1FD1B402}.Debug|Any CPU.ActiveCfg = Debug|Any CPU
		{84ACEEBE-4A9E-4A95-A088-B08D1FD1B402}.Debug|Any CPU.Build.0 = Debug|Any CPU
		{84ACEEBE-4A9E-4A95-A088-B08D1FD1B402}.DebugS|Any CPU.ActiveCfg = Debug|Any CPU
		{84ACEEBE-4A9E-4A95-A088-B08D1FD1B402}.DebugS|Any CPU.Build.0 = Debug|Any CPU
		{84ACEEBE-4A9E-4A95-A088-B08D1FD1B402}.Release|Any CPU.ActiveCfg = Release|Any CPU
		{84ACEEBE-4A9E-4A95-A088-B08D1FD1B402}.Release|Any CPU.Build.0 = Release|Any CPU
		{84ACEEBE-4A9E-4A95-A088-B08D1FD1B402}.ReleaseS|Any CPU.ActiveCfg = Release|Any CPU
		{84ACEEBE-4A9E-4A95-A088-B08D1FD1B402}.ReleaseS|Any CPU.Build.0 = Release|Any CPU
		{1B3413D9-34FC-42F4-BC72-759294B67F50}.Debug|Any CPU.ActiveCfg = Debug|Any CPU
		{1B3413D9-34FC-42F4-BC72-759294B67F50}.Debug|Any CPU.Build.0 = Debug|Any CPU
		{1B3413D9-34FC-42F4-BC72-759294B67F50}.DebugS|Any CPU.ActiveCfg = Debug|Any CPU
		{1B3413D9-34FC-42F4-BC72-759294B67F50}.DebugS|Any CPU.Build.0 = Debug|Any CPU
		{1B3413D9-34FC-42F4-BC72-759294B67F50}.Release|Any CPU.ActiveCfg = Release|Any CPU
		{1B3413D9-34FC-42F4-BC72-759294B67F50}.Release|Any CPU.Build.0 = Release|Any CPU
		{1B3413D9-34FC-42F4-BC72-759294B67F50}.ReleaseS|Any CPU.ActiveCfg = Release|Any CPU
		{1B3413D9-34FC-42F4-BC72-759294B67F50}.ReleaseS|Any CPU.Build.0 = Release|Any CPU
		{ADE57AEF-1FDB-4F2A-88FC-22B22A39ABB0}.Debug|Any CPU.ActiveCfg = Debug|Any CPU
		{ADE57AEF-1FDB-4F2A-88FC-22B22A39ABB0}.Debug|Any CPU.Build.0 = Debug|Any CPU
		{ADE57AEF-1FDB-4F2A-88FC-22B22A39ABB0}.DebugS|Any CPU.ActiveCfg = Debug|Any CPU
		{ADE57AEF-1FDB-4F2A-88FC-22B22A39ABB0}.DebugS|Any CPU.Build.0 = Debug|Any CPU
		{ADE57AEF-1FDB-4F2A-88FC-22B22A39ABB0}.Release|Any CPU.ActiveCfg = Release|Any CPU
		{ADE57AEF-1FDB-4F2A-88FC-22B22A39ABB0}.Release|Any CPU.Build.0 = Release|Any CPU
		{ADE57AEF-1FDB-4F2A-88FC-22B22A39ABB0}.ReleaseS|Any CPU.ActiveCfg = Release|Any CPU
		{ADE57AEF-1FDB-4F2A-88FC-22B22A39ABB0}.ReleaseS|Any CPU.Build.0 = Release|Any CPU
		{9C91E624-BAFE-4EB5-A593-0198021DBC44}.Debug|Any CPU.ActiveCfg = Debug|Any CPU
		{9C91E624-BAFE-4EB5-A593-0198021DBC44}.Debug|Any CPU.Build.0 = Debug|Any CPU
		{9C91E624-BAFE-4EB5-A593-0198021DBC44}.DebugS|Any CPU.ActiveCfg = Debug|Any CPU
		{9C91E624-BAFE-4EB5-A593-0198021DBC44}.DebugS|Any CPU.Build.0 = Debug|Any CPU
		{9C91E624-BAFE-4EB5-A593-0198021DBC44}.Release|Any CPU.ActiveCfg = Release|Any CPU
		{9C91E624-BAFE-4EB5-A593-0198021DBC44}.Release|Any CPU.Build.0 = Release|Any CPU
		{9C91E624-BAFE-4EB5-A593-0198021DBC44}.ReleaseS|Any CPU.ActiveCfg = Release|Any CPU
		{9C91E624-BAFE-4EB5-A593-0198021DBC44}.ReleaseS|Any CPU.Build.0 = Release|Any CPU
		{FAA08B2F-EFC6-491C-A720-491C8427F4A1}.Debug|Any CPU.ActiveCfg = Debug|Any CPU
		{FAA08B2F-EFC6-491C-A720-491C8427F4A1}.Debug|Any CPU.Build.0 = Debug|Any CPU
		{FAA08B2F-EFC6-491C-A720-491C8427F4A1}.DebugS|Any CPU.ActiveCfg = Debug|Any CPU
		{FAA08B2F-EFC6-491C-A720-491C8427F4A1}.DebugS|Any CPU.Build.0 = Debug|Any CPU
		{FAA08B2F-EFC6-491C-A720-491C8427F4A1}.Release|Any CPU.ActiveCfg = Release|Any CPU
		{FAA08B2F-EFC6-491C-A720-491C8427F4A1}.Release|Any CPU.Build.0 = Release|Any CPU
		{FAA08B2F-EFC6-491C-A720-491C8427F4A1}.ReleaseS|Any CPU.ActiveCfg = Release|Any CPU
		{FAA08B2F-EFC6-491C-A720-491C8427F4A1}.ReleaseS|Any CPU.Build.0 = Release|Any CPU
		{640AB384-EEF1-4F7C-94A1-865B67E14E16}.Debug|Any CPU.ActiveCfg = Debug|Any CPU
		{640AB384-EEF1-4F7C-94A1-865B67E14E16}.Debug|Any CPU.Build.0 = Debug|Any CPU
		{640AB384-EEF1-4F7C-94A1-865B67E14E16}.DebugS|Any CPU.ActiveCfg = Debug|Any CPU
		{640AB384-EEF1-4F7C-94A1-865B67E14E16}.DebugS|Any CPU.Build.0 = Debug|Any CPU
		{640AB384-EEF1-4F7C-94A1-865B67E14E16}.Release|Any CPU.ActiveCfg = Release|Any CPU
		{640AB384-EEF1-4F7C-94A1-865B67E14E16}.Release|Any CPU.Build.0 = Release|Any CPU
		{640AB384-EEF1-4F7C-94A1-865B67E14E16}.ReleaseS|Any CPU.ActiveCfg = Release|Any CPU
		{640AB384-EEF1-4F7C-94A1-865B67E14E16}.ReleaseS|Any CPU.Build.0 = Release|Any CPU
		{6244E972-3DF4-452F-88DD-5257A27F75D5}.Debug|Any CPU.ActiveCfg = Debug|Any CPU
		{6244E972-3DF4-452F-88DD-5257A27F75D5}.Debug|Any CPU.Build.0 = Debug|Any CPU
		{6244E972-3DF4-452F-88DD-5257A27F75D5}.DebugS|Any CPU.ActiveCfg = Debug|Any CPU
		{6244E972-3DF4-452F-88DD-5257A27F75D5}.DebugS|Any CPU.Build.0 = Debug|Any CPU
		{6244E972-3DF4-452F-88DD-5257A27F75D5}.Release|Any CPU.ActiveCfg = Release|Any CPU
		{6244E972-3DF4-452F-88DD-5257A27F75D5}.Release|Any CPU.Build.0 = Release|Any CPU
		{6244E972-3DF4-452F-88DD-5257A27F75D5}.ReleaseS|Any CPU.ActiveCfg = Release|Any CPU
		{6244E972-3DF4-452F-88DD-5257A27F75D5}.ReleaseS|Any CPU.Build.0 = Release|Any CPU
		{E0BCFECB-0EF6-4E47-BD8E-8FCED8B6F1FF}.Debug|Any CPU.ActiveCfg = Debug|Any CPU
		{E0BCFECB-0EF6-4E47-BD8E-8FCED8B6F1FF}.Debug|Any CPU.Build.0 = Debug|Any CPU
		{E0BCFECB-0EF6-4E47-BD8E-8FCED8B6F1FF}.DebugS|Any CPU.ActiveCfg = Debug|Any CPU
		{E0BCFECB-0EF6-4E47-BD8E-8FCED8B6F1FF}.DebugS|Any CPU.Build.0 = Debug|Any CPU
		{E0BCFECB-0EF6-4E47-BD8E-8FCED8B6F1FF}.Release|Any CPU.ActiveCfg = Release|Any CPU
		{E0BCFECB-0EF6-4E47-BD8E-8FCED8B6F1FF}.Release|Any CPU.Build.0 = Release|Any CPU
		{E0BCFECB-0EF6-4E47-BD8E-8FCED8B6F1FF}.ReleaseS|Any CPU.ActiveCfg = Release|Any CPU
		{E0BCFECB-0EF6-4E47-BD8E-8FCED8B6F1FF}.ReleaseS|Any CPU.Build.0 = Release|Any CPU
		{4AEAC591-3390-4A55-900E-15E25D07FAE3}.Debug|Any CPU.ActiveCfg = Debug|Any CPU
		{4AEAC591-3390-4A55-900E-15E25D07FAE3}.Debug|Any CPU.Build.0 = Debug|Any CPU
		{4AEAC591-3390-4A55-900E-15E25D07FAE3}.DebugS|Any CPU.ActiveCfg = Debug|Any CPU
		{4AEAC591-3390-4A55-900E-15E25D07FAE3}.DebugS|Any CPU.Build.0 = Debug|Any CPU
		{4AEAC591-3390-4A55-900E-15E25D07FAE3}.Release|Any CPU.ActiveCfg = Release|Any CPU
		{4AEAC591-3390-4A55-900E-15E25D07FAE3}.Release|Any CPU.Build.0 = Release|Any CPU
		{4AEAC591-3390-4A55-900E-15E25D07FAE3}.ReleaseS|Any CPU.ActiveCfg = Release|Any CPU
		{4AEAC591-3390-4A55-900E-15E25D07FAE3}.ReleaseS|Any CPU.Build.0 = Release|Any CPU
		{7BD5D12B-DCDF-4743-BC74-6D2311769200}.Debug|Any CPU.ActiveCfg = Debug|Any CPU
		{7BD5D12B-DCDF-4743-BC74-6D2311769200}.Debug|Any CPU.Build.0 = Debug|Any CPU
		{7BD5D12B-DCDF-4743-BC74-6D2311769200}.DebugS|Any CPU.ActiveCfg = Debug|Any CPU
		{7BD5D12B-DCDF-4743-BC74-6D2311769200}.DebugS|Any CPU.Build.0 = Debug|Any CPU
		{7BD5D12B-DCDF-4743-BC74-6D2311769200}.Release|Any CPU.ActiveCfg = Release|Any CPU
		{7BD5D12B-DCDF-4743-BC74-6D2311769200}.Release|Any CPU.Build.0 = Release|Any CPU
		{7BD5D12B-DCDF-4743-BC74-6D2311769200}.ReleaseS|Any CPU.ActiveCfg = Release|Any CPU
		{7BD5D12B-DCDF-4743-BC74-6D2311769200}.ReleaseS|Any CPU.Build.0 = Release|Any CPU
		{73BC65D7-061F-4010-AF19-0333850FC197}.Debug|Any CPU.ActiveCfg = Debug|Any CPU
		{73BC65D7-061F-4010-AF19-0333850FC197}.Debug|Any CPU.Build.0 = Debug|Any CPU
		{73BC65D7-061F-4010-AF19-0333850FC197}.DebugS|Any CPU.ActiveCfg = Debug|Any CPU
		{73BC65D7-061F-4010-AF19-0333850FC197}.DebugS|Any CPU.Build.0 = Debug|Any CPU
		{73BC65D7-061F-4010-AF19-0333850FC197}.Release|Any CPU.ActiveCfg = Release|Any CPU
		{73BC65D7-061F-4010-AF19-0333850FC197}.Release|Any CPU.Build.0 = Release|Any CPU
		{73BC65D7-061F-4010-AF19-0333850FC197}.ReleaseS|Any CPU.ActiveCfg = Release|Any CPU
		{73BC65D7-061F-4010-AF19-0333850FC197}.ReleaseS|Any CPU.Build.0 = Release|Any CPU
		{99F853B3-7800-4D29-92F3-55DBE9C8DA14}.Debug|Any CPU.ActiveCfg = Debug|Any CPU
		{99F853B3-7800-4D29-92F3-55DBE9C8DA14}.Debug|Any CPU.Build.0 = Debug|Any CPU
		{99F853B3-7800-4D29-92F3-55DBE9C8DA14}.DebugS|Any CPU.ActiveCfg = Debug|Any CPU
		{99F853B3-7800-4D29-92F3-55DBE9C8DA14}.DebugS|Any CPU.Build.0 = Debug|Any CPU
		{99F853B3-7800-4D29-92F3-55DBE9C8DA14}.Release|Any CPU.ActiveCfg = Release|Any CPU
		{99F853B3-7800-4D29-92F3-55DBE9C8DA14}.Release|Any CPU.Build.0 = Release|Any CPU
		{99F853B3-7800-4D29-92F3-55DBE9C8DA14}.ReleaseS|Any CPU.ActiveCfg = Release|Any CPU
		{99F853B3-7800-4D29-92F3-55DBE9C8DA14}.ReleaseS|Any CPU.Build.0 = Release|Any CPU
		{B2EC1888-5339-4969-9E89-EA83D86C9B0E}.Debug|Any CPU.ActiveCfg = Debug|Any CPU
		{B2EC1888-5339-4969-9E89-EA83D86C9B0E}.Debug|Any CPU.Build.0 = Debug|Any CPU
		{B2EC1888-5339-4969-9E89-EA83D86C9B0E}.DebugS|Any CPU.ActiveCfg = Debug|Any CPU
		{B2EC1888-5339-4969-9E89-EA83D86C9B0E}.DebugS|Any CPU.Build.0 = Debug|Any CPU
		{B2EC1888-5339-4969-9E89-EA83D86C9B0E}.Release|Any CPU.ActiveCfg = Release|Any CPU
		{B2EC1888-5339-4969-9E89-EA83D86C9B0E}.Release|Any CPU.Build.0 = Release|Any CPU
		{B2EC1888-5339-4969-9E89-EA83D86C9B0E}.ReleaseS|Any CPU.ActiveCfg = Release|Any CPU
		{B2EC1888-5339-4969-9E89-EA83D86C9B0E}.ReleaseS|Any CPU.Build.0 = Release|Any CPU
		{82D3BBEB-8673-449D-8B78-851E379B6EDF}.Debug|Any CPU.ActiveCfg = Debug|Any CPU
		{82D3BBEB-8673-449D-8B78-851E379B6EDF}.Debug|Any CPU.Build.0 = Debug|Any CPU
		{82D3BBEB-8673-449D-8B78-851E379B6EDF}.Debug|Any CPU.Deploy.0 = Debug|Any CPU
		{82D3BBEB-8673-449D-8B78-851E379B6EDF}.DebugS|Any CPU.ActiveCfg = Debug|Any CPU
		{82D3BBEB-8673-449D-8B78-851E379B6EDF}.DebugS|Any CPU.Build.0 = Debug|Any CPU
		{82D3BBEB-8673-449D-8B78-851E379B6EDF}.DebugS|Any CPU.Deploy.0 = Debug|Any CPU
		{82D3BBEB-8673-449D-8B78-851E379B6EDF}.Release|Any CPU.ActiveCfg = Release|Any CPU
		{82D3BBEB-8673-449D-8B78-851E379B6EDF}.Release|Any CPU.Build.0 = Release|Any CPU
		{82D3BBEB-8673-449D-8B78-851E379B6EDF}.Release|Any CPU.Deploy.0 = Release|Any CPU
		{82D3BBEB-8673-449D-8B78-851E379B6EDF}.ReleaseS|Any CPU.ActiveCfg = Release|Any CPU
		{82D3BBEB-8673-449D-8B78-851E379B6EDF}.ReleaseS|Any CPU.Build.0 = Release|Any CPU
		{82D3BBEB-8673-449D-8B78-851E379B6EDF}.ReleaseS|Any CPU.Deploy.0 = Release|Any CPU
		{694A1176-4F52-4A5A-9074-CEA3799ABE26}.Debug|Any CPU.ActiveCfg = Debug|Any CPU
		{694A1176-4F52-4A5A-9074-CEA3799ABE26}.Debug|Any CPU.Build.0 = Debug|Any CPU
		{694A1176-4F52-4A5A-9074-CEA3799ABE26}.DebugS|Any CPU.ActiveCfg = Debug|Any CPU
		{694A1176-4F52-4A5A-9074-CEA3799ABE26}.DebugS|Any CPU.Build.0 = Debug|Any CPU
		{694A1176-4F52-4A5A-9074-CEA3799ABE26}.Release|Any CPU.ActiveCfg = Release|Any CPU
		{694A1176-4F52-4A5A-9074-CEA3799ABE26}.Release|Any CPU.Build.0 = Release|Any CPU
		{694A1176-4F52-4A5A-9074-CEA3799ABE26}.ReleaseS|Any CPU.ActiveCfg = Release|Any CPU
		{694A1176-4F52-4A5A-9074-CEA3799ABE26}.ReleaseS|Any CPU.Build.0 = Release|Any CPU
		{098CCFCE-6A52-405F-A050-AD66C644B35A}.Debug|Any CPU.ActiveCfg = Debug|Any CPU
		{098CCFCE-6A52-405F-A050-AD66C644B35A}.Debug|Any CPU.Build.0 = Debug|Any CPU
		{098CCFCE-6A52-405F-A050-AD66C644B35A}.DebugS|Any CPU.ActiveCfg = Debug|Any CPU
		{098CCFCE-6A52-405F-A050-AD66C644B35A}.DebugS|Any CPU.Build.0 = Debug|Any CPU
		{098CCFCE-6A52-405F-A050-AD66C644B35A}.Release|Any CPU.ActiveCfg = Release|Any CPU
		{098CCFCE-6A52-405F-A050-AD66C644B35A}.Release|Any CPU.Build.0 = Release|Any CPU
		{098CCFCE-6A52-405F-A050-AD66C644B35A}.ReleaseS|Any CPU.ActiveCfg = Release|Any CPU
		{098CCFCE-6A52-405F-A050-AD66C644B35A}.ReleaseS|Any CPU.Build.0 = Release|Any CPU
		{75C6CA1C-5BC4-4F68-86E3-C23A04B6859B}.Debug|Any CPU.ActiveCfg = Debug|Any CPU
		{75C6CA1C-5BC4-4F68-86E3-C23A04B6859B}.Debug|Any CPU.Build.0 = Debug|Any CPU
		{75C6CA1C-5BC4-4F68-86E3-C23A04B6859B}.DebugS|Any CPU.ActiveCfg = Debug|Any CPU
		{75C6CA1C-5BC4-4F68-86E3-C23A04B6859B}.DebugS|Any CPU.Build.0 = Debug|Any CPU
		{75C6CA1C-5BC4-4F68-86E3-C23A04B6859B}.Release|Any CPU.ActiveCfg = Release|Any CPU
		{75C6CA1C-5BC4-4F68-86E3-C23A04B6859B}.Release|Any CPU.Build.0 = Release|Any CPU
		{75C6CA1C-5BC4-4F68-86E3-C23A04B6859B}.ReleaseS|Any CPU.ActiveCfg = Release|Any CPU
		{75C6CA1C-5BC4-4F68-86E3-C23A04B6859B}.ReleaseS|Any CPU.Build.0 = Release|Any CPU
		{88C3A357-0E73-482B-890C-5A2F321A89FD}.Debug|Any CPU.ActiveCfg = Release|Any CPU
		{88C3A357-0E73-482B-890C-5A2F321A89FD}.Debug|Any CPU.Build.0 = Release|Any CPU
		{88C3A357-0E73-482B-890C-5A2F321A89FD}.DebugS|Any CPU.ActiveCfg = Debug|Any CPU
		{88C3A357-0E73-482B-890C-5A2F321A89FD}.DebugS|Any CPU.Build.0 = Debug|Any CPU
		{88C3A357-0E73-482B-890C-5A2F321A89FD}.Release|Any CPU.ActiveCfg = Release|Any CPU
		{88C3A357-0E73-482B-890C-5A2F321A89FD}.Release|Any CPU.Build.0 = Release|Any CPU
		{88C3A357-0E73-482B-890C-5A2F321A89FD}.ReleaseS|Any CPU.ActiveCfg = Release|Any CPU
		{88C3A357-0E73-482B-890C-5A2F321A89FD}.ReleaseS|Any CPU.Build.0 = Release|Any CPU
		{039A5AFC-1E19-4469-BF8E-408782C67137}.Debug|Any CPU.ActiveCfg = Debug|Any CPU
		{039A5AFC-1E19-4469-BF8E-408782C67137}.Debug|Any CPU.Build.0 = Debug|Any CPU
		{039A5AFC-1E19-4469-BF8E-408782C67137}.DebugS|Any CPU.ActiveCfg = Debug|Any CPU
		{039A5AFC-1E19-4469-BF8E-408782C67137}.DebugS|Any CPU.Build.0 = Debug|Any CPU
		{039A5AFC-1E19-4469-BF8E-408782C67137}.Release|Any CPU.ActiveCfg = Release|Any CPU
		{039A5AFC-1E19-4469-BF8E-408782C67137}.Release|Any CPU.Build.0 = Release|Any CPU
		{039A5AFC-1E19-4469-BF8E-408782C67137}.ReleaseS|Any CPU.ActiveCfg = Release|Any CPU
		{039A5AFC-1E19-4469-BF8E-408782C67137}.ReleaseS|Any CPU.Build.0 = Release|Any CPU
		{CAC7F1A2-73D1-4C40-A860-D1871454258F}.Debug|Any CPU.ActiveCfg = Debug|Any CPU
		{CAC7F1A2-73D1-4C40-A860-D1871454258F}.Debug|Any CPU.Build.0 = Debug|Any CPU
		{CAC7F1A2-73D1-4C40-A860-D1871454258F}.DebugS|Any CPU.ActiveCfg = Debug|Any CPU
		{CAC7F1A2-73D1-4C40-A860-D1871454258F}.DebugS|Any CPU.Build.0 = Debug|Any CPU
		{CAC7F1A2-73D1-4C40-A860-D1871454258F}.Release|Any CPU.ActiveCfg = Release|Any CPU
		{CAC7F1A2-73D1-4C40-A860-D1871454258F}.Release|Any CPU.Build.0 = Release|Any CPU
		{CAC7F1A2-73D1-4C40-A860-D1871454258F}.ReleaseS|Any CPU.ActiveCfg = Release|Any CPU
		{CAC7F1A2-73D1-4C40-A860-D1871454258F}.ReleaseS|Any CPU.Build.0 = Release|Any CPU
	EndGlobalSection
	GlobalSection(SolutionProperties) = preSolution
		HideSolutionNode = FALSE
	EndGlobalSection
	GlobalSection(NestedProjects) = preSolution
		{25E6FDCE-6D6F-412E-8591-185EA5381F4B} = {A5EFFEFD-575C-4CB4-ADC5-51A2CD7F125D}
		{BF8C0EC4-DA97-405D-9399-422596997F9E} = {A5EFFEFD-575C-4CB4-ADC5-51A2CD7F125D}
		{70BCB154-83B5-47DB-9BF0-A8A957E8C93C} = {A5EFFEFD-575C-4CB4-ADC5-51A2CD7F125D}
		{D8350E4F-E915-4114-A9B3-301587629B10} = {A5EFFEFD-575C-4CB4-ADC5-51A2CD7F125D}
		{3A18473D-5F51-4F35-A50D-81F8A33CC847} = {A5EFFEFD-575C-4CB4-ADC5-51A2CD7F125D}
		{FB5CD2B2-64D2-41B0-88B1-6CFB6B86C7BF} = {A5EFFEFD-575C-4CB4-ADC5-51A2CD7F125D}
		{89944A6C-C4F1-4240-A99A-2C0E24009488} = {A5EFFEFD-575C-4CB4-ADC5-51A2CD7F125D}
		{5EF80227-8FFB-4DB8-9EA7-A673AAC5A2C3} = {A5EFFEFD-575C-4CB4-ADC5-51A2CD7F125D}
		{49BCF8B7-8CB0-4341-A073-1584027D3D74} = {A5EFFEFD-575C-4CB4-ADC5-51A2CD7F125D}
		{92B973A9-1E19-4592-B905-0A8AA1F77DF0} = {A5EFFEFD-575C-4CB4-ADC5-51A2CD7F125D}
		{0D0B955F-BE56-47F0-9C05-77B016A2144D} = {A5EFFEFD-575C-4CB4-ADC5-51A2CD7F125D}
		{CFB0B81F-3A45-439D-9213-20DA363A34A8} = {A5EFFEFD-575C-4CB4-ADC5-51A2CD7F125D}
		{2DE84458-3EEF-450B-ABD8-F3D77035399D} = {A5EFFEFD-575C-4CB4-ADC5-51A2CD7F125D}
		{36FEC750-14F7-41DD-95DC-0C85716BFA11} = {A5EFFEFD-575C-4CB4-ADC5-51A2CD7F125D}
		{5106CB10-B794-409A-BC9F-01180B37BA4E} = {A5EFFEFD-575C-4CB4-ADC5-51A2CD7F125D}
		{9D9182AB-F4FC-47B0-BA44-ED05ADD505CE} = {A5EFFEFD-575C-4CB4-ADC5-51A2CD7F125D}
		{08231E8F-F9BE-456C-AB1E-C708582F09A3} = {A5EFFEFD-575C-4CB4-ADC5-51A2CD7F125D}
		{84ACEEBE-4A9E-4A95-A088-B08D1FD1B402} = {A5EFFEFD-575C-4CB4-ADC5-51A2CD7F125D}
		{1B3413D9-34FC-42F4-BC72-759294B67F50} = {A5EFFEFD-575C-4CB4-ADC5-51A2CD7F125D}
		{ADE57AEF-1FDB-4F2A-88FC-22B22A39ABB0} = {A5EFFEFD-575C-4CB4-ADC5-51A2CD7F125D}
		{9C91E624-BAFE-4EB5-A593-0198021DBC44} = {A5EFFEFD-575C-4CB4-ADC5-51A2CD7F125D}
		{FAA08B2F-EFC6-491C-A720-491C8427F4A1} = {CDB41A96-69B7-4764-B5EF-C2B56D9075BD}
		{640AB384-EEF1-4F7C-94A1-865B67E14E16} = {CDB41A96-69B7-4764-B5EF-C2B56D9075BD}
		{6244E972-3DF4-452F-88DD-5257A27F75D5} = {CDB41A96-69B7-4764-B5EF-C2B56D9075BD}
		{E0BCFECB-0EF6-4E47-BD8E-8FCED8B6F1FF} = {CDB41A96-69B7-4764-B5EF-C2B56D9075BD}
		{4AEAC591-3390-4A55-900E-15E25D07FAE3} = {CDB41A96-69B7-4764-B5EF-C2B56D9075BD}
		{7BD5D12B-DCDF-4743-BC74-6D2311769200} = {CDB41A96-69B7-4764-B5EF-C2B56D9075BD}
		{73BC65D7-061F-4010-AF19-0333850FC197} = {CDB41A96-69B7-4764-B5EF-C2B56D9075BD}
		{99F853B3-7800-4D29-92F3-55DBE9C8DA14} = {CDB41A96-69B7-4764-B5EF-C2B56D9075BD}
		{B2EC1888-5339-4969-9E89-EA83D86C9B0E} = {CDB41A96-69B7-4764-B5EF-C2B56D9075BD}
		{82D3BBEB-8673-449D-8B78-851E379B6EDF} = {A5EFFEFD-575C-4CB4-ADC5-51A2CD7F125D}
		{694A1176-4F52-4A5A-9074-CEA3799ABE26} = {A5EFFEFD-575C-4CB4-ADC5-51A2CD7F125D}
		{098CCFCE-6A52-405F-A050-AD66C644B35A} = {A5EFFEFD-575C-4CB4-ADC5-51A2CD7F125D}
		{75C6CA1C-5BC4-4F68-86E3-C23A04B6859B} = {CDB41A96-69B7-4764-B5EF-C2B56D9075BD}
		{88C3A357-0E73-482B-890C-5A2F321A89FD} = {A5EFFEFD-575C-4CB4-ADC5-51A2CD7F125D}
		{039A5AFC-1E19-4469-BF8E-408782C67137} = {A5EFFEFD-575C-4CB4-ADC5-51A2CD7F125D}
		{CAC7F1A2-73D1-4C40-A860-D1871454258F} = {A5EFFEFD-575C-4CB4-ADC5-51A2CD7F125D}
	EndGlobalSection
	GlobalSection(ExtensibilityGlobals) = postSolution
		SolutionGuid = {614D4C65-6AC7-4B3F-A9F6-569F4941B516}
	EndGlobalSection
EndGlobal
